
Microsoft Visual Studio Solution File, Format Version 12.00
# Visual Studio Version 16
VisualStudioVersion = 16.0.29911.84
MinimumVisualStudioVersion = 10.0.40219.1
Project("{8BC9CEB8-8B4A-11D0-8D11-00A0C91BC942}") = "Monte_Carlo", "Monte_Carlo\Monte_Carlo.vcxproj", "{7DDD4C51-C021-4260-933F-DA4E4ECE200F}"
EndProject
Global
	GlobalSection(SolutionConfigurationPlatforms) = preSolution
		Debug|x64 = Debug|x64
		Debug|x86 = Debug|x86
		Release|x64 = Release|x64
		Release|x86 = Release|x86
	EndGlobalSection
	GlobalSection(ProjectConfigurationPlatforms) = postSolution
		{7DDD4C51-C021-4260-933F-DA4E4ECE200F}.Debug|x64.ActiveCfg = Debug|x64
		{7DDD4C51-C021-4260-933F-DA4E4ECE200F}.Debug|x64.Build.0 = Debug|x64
		{7DDD4C51-C021-4260-933F-DA4E4ECE200F}.Debug|x86.ActiveCfg = Debug|Win32
		{7DDD4C51-C021-4260-933F-DA4E4ECE200F}.Debug|x86.Build.0 = Debug|Win32
		{7DDD4C51-C021-4260-933F-DA4E4ECE200F}.Release|x64.ActiveCfg = Release|x64
		{7DDD4C51-C021-4260-933F-DA4E4ECE200F}.Release|x64.Build.0 = Release|x64
		{7DDD4C51-C021-4260-933F-DA4E4ECE200F}.Release|x86.ActiveCfg = Release|Win32
		{7DDD4C51-C021-4260-933F-DA4E4ECE200F}.Release|x86.Build.0 = Release|Win32
	EndGlobalSection
	GlobalSection(SolutionProperties) = preSolution
		HideSolutionNode = FALSE
	EndGlobalSection
	GlobalSection(ExtensibilityGlobals) = postSolution
		SolutionGuid = {CADB6E61-3FAF-4E5C-B967-FAD6895E907E}
	EndGlobalSection
EndGlobal
